
Microsoft Visual Studio Solution File, Format Version 12.00
# Visual Studio 15
VisualStudioVersion = 15.0.27130.2010
MinimumVisualStudioVersion = 10.0.40219.1
Project("{8BC9CEB8-8B4A-11D0-8D11-00A0C91BC942}") = "DataStore", "DataStore\DataStore.vcxproj", "{B816C2D9-4493-47DD-9AC2-2979F5354E2B}"
EndProject
Project("{8BC9CEB8-8B4A-11D0-8D11-00A0C91BC942}") = "FileMgr", "FileMgr\FileMgr.vcxproj", "{DDEE27FF-855E-4D10-AD7B-79CB8966EF13}"
EndProject
Project("{8BC9CEB8-8B4A-11D0-8D11-00A0C91BC942}") = "Utilities", "Utilities\Utilities.vcxproj", "{6FB3192D-A9E8-4D79-BF60-4AA45AC45CD6}"
EndProject
Project("{8BC9CEB8-8B4A-11D0-8D11-00A0C91BC942}") = "Catalog", "Catalog\Catalog.vcxproj", "{3D024371-E632-4EDE-B2DC-65E08B95915E}"
EndProject
Project("{8BC9CEB8-8B4A-11D0-8D11-00A0C91BC942}") = "Executive", "Executive\Executive.vcxproj", "{B1B17609-0EEA-4FDA-AB8E-B37C3A0CA048}"
EndProject
Project("{8BC9CEB8-8B4A-11D0-8D11-00A0C91BC942}") = "Display", "Display\Display.vcxproj", "{46D69C50-BE08-4A06-BCD3-3949BADA53D9}"
EndProject
Global
	GlobalSection(SolutionConfigurationPlatforms) = preSolution
		Debug|Win32 = Debug|Win32
		Release|Win32 = Release|Win32
	EndGlobalSection
	GlobalSection(ProjectConfigurationPlatforms) = postSolution
		{B816C2D9-4493-47DD-9AC2-2979F5354E2B}.Debug|Win32.ActiveCfg = Debug|Win32
		{B816C2D9-4493-47DD-9AC2-2979F5354E2B}.Debug|Win32.Build.0 = Debug|Win32
		{B816C2D9-4493-47DD-9AC2-2979F5354E2B}.Release|Win32.ActiveCfg = Release|Win32
		{B816C2D9-4493-47DD-9AC2-2979F5354E2B}.Release|Win32.Build.0 = Release|Win32
		{DDEE27FF-855E-4D10-AD7B-79CB8966EF13}.Debug|Win32.ActiveCfg = Debug|Win32
		{DDEE27FF-855E-4D10-AD7B-79CB8966EF13}.Debug|Win32.Build.0 = Debug|Win32
		{DDEE27FF-855E-4D10-AD7B-79CB8966EF13}.Release|Win32.ActiveCfg = Release|Win32
		{DDEE27FF-855E-4D10-AD7B-79CB8966EF13}.Release|Win32.Build.0 = Release|Win32
		{6FB3192D-A9E8-4D79-BF60-4AA45AC45CD6}.Debug|Win32.ActiveCfg = Debug|Win32
		{6FB3192D-A9E8-4D79-BF60-4AA45AC45CD6}.Debug|Win32.Build.0 = Debug|Win32
		{6FB3192D-A9E8-4D79-BF60-4AA45AC45CD6}.Release|Win32.ActiveCfg = Release|Win32
		{6FB3192D-A9E8-4D79-BF60-4AA45AC45CD6}.Release|Win32.Build.0 = Release|Win32
		{3D024371-E632-4EDE-B2DC-65E08B95915E}.Debug|Win32.ActiveCfg = Debug|Win32
		{3D024371-E632-4EDE-B2DC-65E08B95915E}.Debug|Win32.Build.0 = Debug|Win32
		{3D024371-E632-4EDE-B2DC-65E08B95915E}.Release|Win32.ActiveCfg = Release|Win32
		{3D024371-E632-4EDE-B2DC-65E08B95915E}.Release|Win32.Build.0 = Release|Win32
		{B1B17609-0EEA-4FDA-AB8E-B37C3A0CA048}.Debug|Win32.ActiveCfg = Debug|Win32
		{B1B17609-0EEA-4FDA-AB8E-B37C3A0CA048}.Debug|Win32.Build.0 = Debug|Win32
		{B1B17609-0EEA-4FDA-AB8E-B37C3A0CA048}.Release|Win32.ActiveCfg = Release|Win32
		{B1B17609-0EEA-4FDA-AB8E-B37C3A0CA048}.Release|Win32.Build.0 = Release|Win32
		{46D69C50-BE08-4A06-BCD3-3949BADA53D9}.Debug|Win32.ActiveCfg = Debug|Win32
		{46D69C50-BE08-4A06-BCD3-3949BADA53D9}.Debug|Win32.Build.0 = Debug|Win32
		{46D69C50-BE08-4A06-BCD3-3949BADA53D9}.Release|Win32.ActiveCfg = Release|Win32
		{46D69C50-BE08-4A06-BCD3-3949BADA53D9}.Release|Win32.Build.0 = Release|Win32
	EndGlobalSection
	GlobalSection(SolutionProperties) = preSolution
		HideSolutionNode = FALSE
	EndGlobalSection
	GlobalSection(ExtensibilityGlobals) = postSolution
		SolutionGuid = {D70DCB49-6D45-42FA-8323-E39B1056FA6A}
	EndGlobalSection
EndGlobal
